
Microsoft Visual Studio Solution File, Format Version 12.00
# Visual Studio Version 16
VisualStudioVersion = 16.0.30114.105
MinimumVisualStudioVersion = 10.0.40219.1
Project("{FAE04EC0-301F-11D3-BF4B-00C04F79EFBC}") = "MeliApiProxy.Web", "MeliApiProxy.Web\MeliApiProxy.Web.csproj", "{821F1E92-7541-4F1D-9B89-3CD4ABD8DDBC}"
EndProject
Project("{FAE04EC0-301F-11D3-BF4B-00C04F79EFBC}") = "MeliApiProxy.Domain", "MeliApiProxy.Domain\MeliApiProxy.Domain.csproj", "{91B3BA4A-E7F7-4249-B39B-CAA3C09C9208}"
EndProject
Project("{FAE04EC0-301F-11D3-BF4B-00C04F79EFBC}") = "MeliApiProxy.Infrastructure", "MeliApiProxy.Infrastructure\MeliApiProxy.Infrastructure.csproj", "{303908F3-9A88-4C94-8429-EC3BEC2903DE}"
EndProject
Global
	GlobalSection(SolutionConfigurationPlatforms) = preSolution
		Debug|Any CPU = Debug|Any CPU
		Release|Any CPU = Release|Any CPU
	EndGlobalSection
	GlobalSection(SolutionProperties) = preSolution
		HideSolutionNode = FALSE
	EndGlobalSection
	GlobalSection(ProjectConfigurationPlatforms) = postSolution
		{821F1E92-7541-4F1D-9B89-3CD4ABD8DDBC}.Debug|Any CPU.ActiveCfg = Debug|Any CPU
		{821F1E92-7541-4F1D-9B89-3CD4ABD8DDBC}.Debug|Any CPU.Build.0 = Debug|Any CPU
		{821F1E92-7541-4F1D-9B89-3CD4ABD8DDBC}.Release|Any CPU.ActiveCfg = Release|Any CPU
		{821F1E92-7541-4F1D-9B89-3CD4ABD8DDBC}.Release|Any CPU.Build.0 = Release|Any CPU
		{91B3BA4A-E7F7-4249-B39B-CAA3C09C9208}.Debug|Any CPU.ActiveCfg = Debug|Any CPU
		{91B3BA4A-E7F7-4249-B39B-CAA3C09C9208}.Debug|Any CPU.Build.0 = Debug|Any CPU
		{91B3BA4A-E7F7-4249-B39B-CAA3C09C9208}.Release|Any CPU.ActiveCfg = Release|Any CPU
		{91B3BA4A-E7F7-4249-B39B-CAA3C09C9208}.Release|Any CPU.Build.0 = Release|Any CPU
		{303908F3-9A88-4C94-8429-EC3BEC2903DE}.Debug|Any CPU.ActiveCfg = Debug|Any CPU
		{303908F3-9A88-4C94-8429-EC3BEC2903DE}.Debug|Any CPU.Build.0 = Debug|Any CPU
		{303908F3-9A88-4C94-8429-EC3BEC2903DE}.Release|Any CPU.ActiveCfg = Release|Any CPU
		{303908F3-9A88-4C94-8429-EC3BEC2903DE}.Release|Any CPU.Build.0 = Release|Any CPU
	EndGlobalSection
EndGlobal
